
Microsoft Visual Studio Solution File, Format Version 12.00
# Visual Studio Version 16
VisualStudioVersion = 16.0.30204.135
MinimumVisualStudioVersion = 10.0.40219.1
Project("{9A19103F-16F7-4668-BE54-9A1E7A4F7556}") = "SupportLiveStream.Data", "SupportLiveStream.Data\SupportLiveStream.Data.csproj", "{230F866F-E111-4CE9-BB93-7DB8D562070D}"
EndProject
Project("{9A19103F-16F7-4668-BE54-9A1E7A4F7556}") = "SupportLiveStream.Service", "SupportLiveStream.Service\SupportLiveStream.Service.csproj", "{73D4A168-66BB-4027-9FBA-DBA3BBBCA7EC}"
EndProject
Project("{9A19103F-16F7-4668-BE54-9A1E7A4F7556}") = "SupportLiveStream.Common", "SupportLiveStream.Common\SupportLiveStream.Common.csproj", "{F641D3D0-A91D-433E-869A-2A31F994D823}"
EndProject
Project("{9A19103F-16F7-4668-BE54-9A1E7A4F7556}") = "SupportLiveStream.Web", "SupportLiveStream.Web\SupportLiveStream.Web.csproj", "{18E13F11-AB3B-411A-A701-65469ACE8552}"
EndProject
Project("{9A19103F-16F7-4668-BE54-9A1E7A4F7556}") = "SupportLiveStream.Model", "SupportLiveStream.Model\SupportLiveStream.Model.csproj", "{4DDE0B35-2906-417B-BE85-5476F55174E7}"
EndProject
Project("{9A19103F-16F7-4668-BE54-9A1E7A4F7556}") = "SupportLiveStream.Api", "SupportLiveStream.Api\SupportLiveStream.Api.csproj", "{60C08A46-2E2B-404C-916B-A7AA664691C1}"
EndProject
Global
	GlobalSection(SolutionConfigurationPlatforms) = preSolution
		Debug|Any CPU = Debug|Any CPU
		Release|Any CPU = Release|Any CPU
	EndGlobalSection
	GlobalSection(ProjectConfigurationPlatforms) = postSolution
		{230F866F-E111-4CE9-BB93-7DB8D562070D}.Debug|Any CPU.ActiveCfg = Debug|Any CPU
		{230F866F-E111-4CE9-BB93-7DB8D562070D}.Debug|Any CPU.Build.0 = Debug|Any CPU
		{230F866F-E111-4CE9-BB93-7DB8D562070D}.Release|Any CPU.ActiveCfg = Release|Any CPU
		{230F866F-E111-4CE9-BB93-7DB8D562070D}.Release|Any CPU.Build.0 = Release|Any CPU
		{73D4A168-66BB-4027-9FBA-DBA3BBBCA7EC}.Debug|Any CPU.ActiveCfg = Debug|Any CPU
		{73D4A168-66BB-4027-9FBA-DBA3BBBCA7EC}.Debug|Any CPU.Build.0 = Debug|Any CPU
		{73D4A168-66BB-4027-9FBA-DBA3BBBCA7EC}.Release|Any CPU.ActiveCfg = Release|Any CPU
		{73D4A168-66BB-4027-9FBA-DBA3BBBCA7EC}.Release|Any CPU.Build.0 = Release|Any CPU
		{F641D3D0-A91D-433E-869A-2A31F994D823}.Debug|Any CPU.ActiveCfg = Debug|Any CPU
		{F641D3D0-A91D-433E-869A-2A31F994D823}.Debug|Any CPU.Build.0 = Debug|Any CPU
		{F641D3D0-A91D-433E-869A-2A31F994D823}.Release|Any CPU.ActiveCfg = Release|Any CPU
		{F641D3D0-A91D-433E-869A-2A31F994D823}.Release|Any CPU.Build.0 = Release|Any CPU
		{18E13F11-AB3B-411A-A701-65469ACE8552}.Debug|Any CPU.ActiveCfg = Debug|Any CPU
		{18E13F11-AB3B-411A-A701-65469ACE8552}.Debug|Any CPU.Build.0 = Debug|Any CPU
		{18E13F11-AB3B-411A-A701-65469ACE8552}.Release|Any CPU.ActiveCfg = Release|Any CPU
		{18E13F11-AB3B-411A-A701-65469ACE8552}.Release|Any CPU.Build.0 = Release|Any CPU
		{4DDE0B35-2906-417B-BE85-5476F55174E7}.Debug|Any CPU.ActiveCfg = Debug|Any CPU
		{4DDE0B35-2906-417B-BE85-5476F55174E7}.Debug|Any CPU.Build.0 = Debug|Any CPU
		{4DDE0B35-2906-417B-BE85-5476F55174E7}.Release|Any CPU.ActiveCfg = Release|Any CPU
		{4DDE0B35-2906-417B-BE85-5476F55174E7}.Release|Any CPU.Build.0 = Release|Any CPU
		{60C08A46-2E2B-404C-916B-A7AA664691C1}.Debug|Any CPU.ActiveCfg = Debug|Any CPU
		{60C08A46-2E2B-404C-916B-A7AA664691C1}.Debug|Any CPU.Build.0 = Debug|Any CPU
		{60C08A46-2E2B-404C-916B-A7AA664691C1}.Release|Any CPU.ActiveCfg = Release|Any CPU
		{60C08A46-2E2B-404C-916B-A7AA664691C1}.Release|Any CPU.Build.0 = Release|Any CPU
	EndGlobalSection
	GlobalSection(SolutionProperties) = preSolution
		HideSolutionNode = FALSE
	EndGlobalSection
	GlobalSection(ExtensibilityGlobals) = postSolution
		SolutionGuid = {496C1060-697A-41E6-9021-A6E06D256531}
	EndGlobalSection
EndGlobal
